// !$*UTF8*$!
{
	archiveVersion = 1;
	classes = {
	};
	objectVersion = 56;
	objects = {

/* Begin PBXBuildFile section */
		73045DDE2AF2BD6A00ABA07D /* OrderViewTests.swift in Sources */ = {isa = PBXBuildFile; fileRef = 73045DDD2AF2BD6A00ABA07D /* OrderViewTests.swift */; };
		73046E232AF956DA0035D54C /* OrderExtension.swift in Sources */ = {isa = PBXBuildFile; fileRef = 73046E222AF956DA0035D54C /* OrderExtension.swift */; };
		7321DDFA2AFEA692004C45D5 /* OrderAddItemView.swift in Sources */ = {isa = PBXBuildFile; fileRef = 7321DDF92AFEA692004C45D5 /* OrderAddItemView.swift */; };
		735AEDF62B0557C100DD2775 /* OnboardingView.swift in Sources */ = {isa = PBXBuildFile; fileRef = 735AEDF52B0557C100DD2775 /* OnboardingView.swift */; };
		735AEDF82B05594200DD2775 /* MainViewModel.swift in Sources */ = {isa = PBXBuildFile; fileRef = 735AEDF72B05594200DD2775 /* MainViewModel.swift */; };
		735AEDFA2B05626200DD2775 /* DebugView.swift in Sources */ = {isa = PBXBuildFile; fileRef = 735AEDF92B05626200DD2775 /* DebugView.swift */; };
		735AEDFC2B057A0200DD2775 /* SplashView.swift in Sources */ = {isa = PBXBuildFile; fileRef = 735AEDFB2B057A0200DD2775 /* SplashView.swift */; };
		735AEDFE2B057B1A00DD2775 /* TabsView.swift in Sources */ = {isa = PBXBuildFile; fileRef = 735AEDFD2B057B1A00DD2775 /* TabsView.swift */; };
		73643DDD2AFAB15200207821 /* ProductCreateEditView.swift in Sources */ = {isa = PBXBuildFile; fileRef = 73643DDC2AFAB15200207821 /* ProductCreateEditView.swift */; };
		73643DDF2AFAB1AB00207821 /* ProductView.swift in Sources */ = {isa = PBXBuildFile; fileRef = 73643DDE2AFAB1AB00207821 /* ProductView.swift */; };
		73643DE22AFAB22F00207821 /* ProductListCardView.swift in Sources */ = {isa = PBXBuildFile; fileRef = 73643DE12AFAB22F00207821 /* ProductListCardView.swift */; };
		73643DE62AFAB31800207821 /* OrderStatusListView.swift in Sources */ = {isa = PBXBuildFile; fileRef = 73643DE52AFAB31800207821 /* OrderStatusListView.swift */; };
		73643DE82AFAB38B00207821 /* OrderCustomerCardView.swift in Sources */ = {isa = PBXBuildFile; fileRef = 73643DE72AFAB38B00207821 /* OrderCustomerCardView.swift */; };
		73643DEA2AFAB47F00207821 /* OrderItemCardListView.swift in Sources */ = {isa = PBXBuildFile; fileRef = 73643DE92AFAB47F00207821 /* OrderItemCardListView.swift */; };
		73643DEC2AFAB4D600207821 /* OrderItemCardAddView.swift in Sources */ = {isa = PBXBuildFile; fileRef = 73643DEB2AFAB4D600207821 /* OrderItemCardAddView.swift */; };
		73643DEE2AFAB65F00207821 /* ProductCardAddView.swift in Sources */ = {isa = PBXBuildFile; fileRef = 73643DED2AFAB65F00207821 /* ProductCardAddView.swift */; };
		73643DF02AFAB69500207821 /* OrderView.swift in Sources */ = {isa = PBXBuildFile; fileRef = 73643DEF2AFAB69500207821 /* OrderView.swift */; };
		73643DF22AFAB6BE00207821 /* OrderCreateEditView.swift in Sources */ = {isa = PBXBuildFile; fileRef = 73643DF12AFAB6BE00207821 /* OrderCreateEditView.swift */; };
		73643DF62AFAB7A500207821 /* CloseButtonView.swift in Sources */ = {isa = PBXBuildFile; fileRef = 73643DF52AFAB7A500207821 /* CloseButtonView.swift */; };
		73643DF82AFAB7B300207821 /* AddButtonView.swift in Sources */ = {isa = PBXBuildFile; fileRef = 73643DF72AFAB7B300207821 /* AddButtonView.swift */; };
		73643DFA2AFABF1800207821 /* OrderListDoneView.swift in Sources */ = {isa = PBXBuildFile; fileRef = 73643DF92AFABF1800207821 /* OrderListDoneView.swift */; };
		73664F062AEC31FB00781AE0 /* mini3App.swift in Sources */ = {isa = PBXBuildFile; fileRef = 73664F052AEC31FB00781AE0 /* mini3App.swift */; };
		73664F082AEC31FB00781AE0 /* MainView.swift in Sources */ = {isa = PBXBuildFile; fileRef = 73664F072AEC31FB00781AE0 /* MainView.swift */; };
		73664F0A2AEC31FC00781AE0 /* Assets.xcassets in Resources */ = {isa = PBXBuildFile; fileRef = 73664F092AEC31FC00781AE0 /* Assets.xcassets */; };
		73664F0D2AEC31FC00781AE0 /* Preview Assets.xcassets in Resources */ = {isa = PBXBuildFile; fileRef = 73664F0C2AEC31FC00781AE0 /* Preview Assets.xcassets */; };
		73664F182AEC4DB900781AE0 /* OrderListView.swift in Sources */ = {isa = PBXBuildFile; fileRef = 73664F172AEC4DB900781AE0 /* OrderListView.swift */; };
		73664F1A2AEC4DCB00781AE0 /* OrderListCardView.swift in Sources */ = {isa = PBXBuildFile; fileRef = 73664F192AEC4DCB00781AE0 /* OrderListCardView.swift */; };
		73664F1C2AEC4E1800781AE0 /* OrderModel.swift in Sources */ = {isa = PBXBuildFile; fileRef = 73664F1B2AEC4E1800781AE0 /* OrderModel.swift */; };
		73664F1E2AEC4E7E00781AE0 /* ProductModel.swift in Sources */ = {isa = PBXBuildFile; fileRef = 73664F1D2AEC4E7E00781AE0 /* ProductModel.swift */; };
		73664F212AEC4F0100781AE0 /* ProductListView.swift in Sources */ = {isa = PBXBuildFile; fileRef = 73664F202AEC4F0100781AE0 /* ProductListView.swift */; };
		73664F252AF033A400781AE0 /* OrderItemModel.swift in Sources */ = {isa = PBXBuildFile; fileRef = 73664F242AF033A400781AE0 /* OrderItemModel.swift */; };
		73664F272AF035CA00781AE0 /* CustomerModel.swift in Sources */ = {isa = PBXBuildFile; fileRef = 73664F262AF035CA00781AE0 /* CustomerModel.swift */; };
		73664F292AF03F2000781AE0 /* OrderViewModel.swift in Sources */ = {isa = PBXBuildFile; fileRef = 73664F282AF03F2000781AE0 /* OrderViewModel.swift */; };
		73664F2B2AF03F3500781AE0 /* ProductViewModel.swift in Sources */ = {isa = PBXBuildFile; fileRef = 73664F2A2AF03F3500781AE0 /* ProductViewModel.swift */; };
		737710EF2AF17A4900A80C10 /* OrderItemViewModel.swift in Sources */ = {isa = PBXBuildFile; fileRef = 737710EE2AF17A4900A80C10 /* OrderItemViewModel.swift */; };
		738585692AFC5BF800A11432 /* ColorExtension.swift in Sources */ = {isa = PBXBuildFile; fileRef = 738585682AFC5BF800A11432 /* ColorExtension.swift */; };
/* End PBXBuildFile section */

/* Begin PBXContainerItemProxy section */
		73045DDF2AF2BD6A00ABA07D /* PBXContainerItemProxy */ = {
			isa = PBXContainerItemProxy;
			containerPortal = 73664EFA2AEC31FB00781AE0 /* Project object */;
			proxyType = 1;
			remoteGlobalIDString = 73664F012AEC31FB00781AE0;
			remoteInfo = mini3;
		};
/* End PBXContainerItemProxy section */

/* Begin PBXFileReference section */
		73045DDB2AF2BD6A00ABA07D /* PaveTests.xctest */ = {isa = PBXFileReference; explicitFileType = wrapper.cfbundle; includeInIndex = 0; path = PaveTests.xctest; sourceTree = BUILT_PRODUCTS_DIR; };
		73045DDD2AF2BD6A00ABA07D /* OrderViewTests.swift */ = {isa = PBXFileReference; lastKnownFileType = sourcecode.swift; path = OrderViewTests.swift; sourceTree = "<group>"; };
		73046E222AF956DA0035D54C /* OrderExtension.swift */ = {isa = PBXFileReference; lastKnownFileType = sourcecode.swift; path = OrderExtension.swift; sourceTree = "<group>"; };
		7321DDF92AFEA692004C45D5 /* OrderAddItemView.swift */ = {isa = PBXFileReference; lastKnownFileType = sourcecode.swift; path = OrderAddItemView.swift; sourceTree = "<group>"; };
		735AEDF52B0557C100DD2775 /* OnboardingView.swift */ = {isa = PBXFileReference; lastKnownFileType = sourcecode.swift; path = OnboardingView.swift; sourceTree = "<group>"; };
		735AEDF72B05594200DD2775 /* MainViewModel.swift */ = {isa = PBXFileReference; lastKnownFileType = sourcecode.swift; path = MainViewModel.swift; sourceTree = "<group>"; };
		735AEDF92B05626200DD2775 /* DebugView.swift */ = {isa = PBXFileReference; lastKnownFileType = sourcecode.swift; path = DebugView.swift; sourceTree = "<group>"; };
		735AEDFB2B057A0200DD2775 /* SplashView.swift */ = {isa = PBXFileReference; lastKnownFileType = sourcecode.swift; path = SplashView.swift; sourceTree = "<group>"; };
		735AEDFD2B057B1A00DD2775 /* TabsView.swift */ = {isa = PBXFileReference; lastKnownFileType = sourcecode.swift; path = TabsView.swift; sourceTree = "<group>"; };
		73643DDC2AFAB15200207821 /* ProductCreateEditView.swift */ = {isa = PBXFileReference; lastKnownFileType = sourcecode.swift; path = ProductCreateEditView.swift; sourceTree = "<group>"; };
		73643DDE2AFAB1AB00207821 /* ProductView.swift */ = {isa = PBXFileReference; lastKnownFileType = sourcecode.swift; path = ProductView.swift; sourceTree = "<group>"; };
		73643DE12AFAB22F00207821 /* ProductListCardView.swift */ = {isa = PBXFileReference; lastKnownFileType = sourcecode.swift; path = ProductListCardView.swift; sourceTree = "<group>"; };
		73643DE52AFAB31800207821 /* OrderStatusListView.swift */ = {isa = PBXFileReference; lastKnownFileType = sourcecode.swift; path = OrderStatusListView.swift; sourceTree = "<group>"; };
		73643DE72AFAB38B00207821 /* OrderCustomerCardView.swift */ = {isa = PBXFileReference; lastKnownFileType = sourcecode.swift; path = OrderCustomerCardView.swift; sourceTree = "<group>"; };
		73643DE92AFAB47F00207821 /* OrderItemCardListView.swift */ = {isa = PBXFileReference; lastKnownFileType = sourcecode.swift; path = OrderItemCardListView.swift; sourceTree = "<group>"; };
		73643DEB2AFAB4D600207821 /* OrderItemCardAddView.swift */ = {isa = PBXFileReference; lastKnownFileType = sourcecode.swift; path = OrderItemCardAddView.swift; sourceTree = "<group>"; };
		73643DED2AFAB65F00207821 /* ProductCardAddView.swift */ = {isa = PBXFileReference; lastKnownFileType = sourcecode.swift; path = ProductCardAddView.swift; sourceTree = "<group>"; };
		73643DEF2AFAB69500207821 /* OrderView.swift */ = {isa = PBXFileReference; lastKnownFileType = sourcecode.swift; path = OrderView.swift; sourceTree = "<group>"; };
		73643DF12AFAB6BE00207821 /* OrderCreateEditView.swift */ = {isa = PBXFileReference; lastKnownFileType = sourcecode.swift; path = OrderCreateEditView.swift; sourceTree = "<group>"; };
		73643DF52AFAB7A500207821 /* CloseButtonView.swift */ = {isa = PBXFileReference; lastKnownFileType = sourcecode.swift; path = CloseButtonView.swift; sourceTree = "<group>"; };
		73643DF72AFAB7B300207821 /* AddButtonView.swift */ = {isa = PBXFileReference; lastKnownFileType = sourcecode.swift; path = AddButtonView.swift; sourceTree = "<group>"; };
		73643DF92AFABF1800207821 /* OrderListDoneView.swift */ = {isa = PBXFileReference; lastKnownFileType = sourcecode.swift; path = OrderListDoneView.swift; sourceTree = "<group>"; };
		73664F022AEC31FB00781AE0 /* Pave.app */ = {isa = PBXFileReference; explicitFileType = wrapper.application; includeInIndex = 0; path = Pave.app; sourceTree = BUILT_PRODUCTS_DIR; };
		73664F052AEC31FB00781AE0 /* mini3App.swift */ = {isa = PBXFileReference; lastKnownFileType = sourcecode.swift; path = mini3App.swift; sourceTree = "<group>"; };
		73664F072AEC31FB00781AE0 /* MainView.swift */ = {isa = PBXFileReference; lastKnownFileType = sourcecode.swift; path = MainView.swift; sourceTree = "<group>"; };
		73664F092AEC31FC00781AE0 /* Assets.xcassets */ = {isa = PBXFileReference; lastKnownFileType = folder.assetcatalog; path = Assets.xcassets; sourceTree = "<group>"; };
		73664F0C2AEC31FC00781AE0 /* Preview Assets.xcassets */ = {isa = PBXFileReference; lastKnownFileType = folder.assetcatalog; path = "Preview Assets.xcassets"; sourceTree = "<group>"; };
		73664F172AEC4DB900781AE0 /* OrderListView.swift */ = {isa = PBXFileReference; lastKnownFileType = sourcecode.swift; path = OrderListView.swift; sourceTree = "<group>"; };
		73664F192AEC4DCB00781AE0 /* OrderListCardView.swift */ = {isa = PBXFileReference; lastKnownFileType = sourcecode.swift; path = OrderListCardView.swift; sourceTree = "<group>"; };
		73664F1B2AEC4E1800781AE0 /* OrderModel.swift */ = {isa = PBXFileReference; lastKnownFileType = sourcecode.swift; path = OrderModel.swift; sourceTree = "<group>"; };
		73664F1D2AEC4E7E00781AE0 /* ProductModel.swift */ = {isa = PBXFileReference; lastKnownFileType = sourcecode.swift; path = ProductModel.swift; sourceTree = "<group>"; };
		73664F202AEC4F0100781AE0 /* ProductListView.swift */ = {isa = PBXFileReference; lastKnownFileType = sourcecode.swift; path = ProductListView.swift; sourceTree = "<group>"; };
		73664F242AF033A400781AE0 /* OrderItemModel.swift */ = {isa = PBXFileReference; lastKnownFileType = sourcecode.swift; path = OrderItemModel.swift; sourceTree = "<group>"; };
		73664F262AF035CA00781AE0 /* CustomerModel.swift */ = {isa = PBXFileReference; lastKnownFileType = sourcecode.swift; path = CustomerModel.swift; sourceTree = "<group>"; };
		73664F282AF03F2000781AE0 /* OrderViewModel.swift */ = {isa = PBXFileReference; lastKnownFileType = sourcecode.swift; path = OrderViewModel.swift; sourceTree = "<group>"; };
		73664F2A2AF03F3500781AE0 /* ProductViewModel.swift */ = {isa = PBXFileReference; lastKnownFileType = sourcecode.swift; path = ProductViewModel.swift; sourceTree = "<group>"; };
		737710EE2AF17A4900A80C10 /* OrderItemViewModel.swift */ = {isa = PBXFileReference; lastKnownFileType = sourcecode.swift; path = OrderItemViewModel.swift; sourceTree = "<group>"; };
		738585682AFC5BF800A11432 /* ColorExtension.swift */ = {isa = PBXFileReference; lastKnownFileType = sourcecode.swift; path = ColorExtension.swift; sourceTree = "<group>"; };
/* End PBXFileReference section */

/* Begin PBXFrameworksBuildPhase section */
		73045DD82AF2BD6A00ABA07D /* Frameworks */ = {
			isa = PBXFrameworksBuildPhase;
			buildActionMask = 2147483647;
			files = (
			);
			runOnlyForDeploymentPostprocessing = 0;
		};
		73664EFF2AEC31FB00781AE0 /* Frameworks */ = {
			isa = PBXFrameworksBuildPhase;
			buildActionMask = 2147483647;
			files = (
			);
			runOnlyForDeploymentPostprocessing = 0;
		};
/* End PBXFrameworksBuildPhase section */

/* Begin PBXGroup section */
		73045DDC2AF2BD6A00ABA07D /* Unit Tests */ = {
			isa = PBXGroup;
			children = (
				73046E212AF956AD0035D54C /* Factories */,
				73045DDD2AF2BD6A00ABA07D /* OrderViewTests.swift */,
			);
			path = "Unit Tests";
			sourceTree = "<group>";
		};
		73046E212AF956AD0035D54C /* Factories */ = {
			isa = PBXGroup;
			children = (
				73046E222AF956DA0035D54C /* OrderExtension.swift */,
			);
			path = Factories;
			sourceTree = "<group>";
		};
		73643DDB2AFAB12900207821 /* Components */ = {
			isa = PBXGroup;
			children = (
				73664F192AEC4DCB00781AE0 /* OrderListCardView.swift */,
				73643DE52AFAB31800207821 /* OrderStatusListView.swift */,
				73643DE72AFAB38B00207821 /* OrderCustomerCardView.swift */,
				73643DE92AFAB47F00207821 /* OrderItemCardListView.swift */,
				73643DEB2AFAB4D600207821 /* OrderItemCardAddView.swift */,
				73643DED2AFAB65F00207821 /* ProductCardAddView.swift */,
			);
			path = Components;
			sourceTree = "<group>";
		};
		73643DE02AFAB1D500207821 /* Components */ = {
			isa = PBXGroup;
			children = (
				73643DE12AFAB22F00207821 /* ProductListCardView.swift */,
			);
			path = Components;
			sourceTree = "<group>";
		};
		73643DF32AFAB76100207821 /* General */ = {
			isa = PBXGroup;
			children = (
				73643DF42AFAB76A00207821 /* Components */,
				73664F072AEC31FB00781AE0 /* MainView.swift */,
				735AEDF52B0557C100DD2775 /* OnboardingView.swift */,
				735AEDF92B05626200DD2775 /* DebugView.swift */,
				735AEDFB2B057A0200DD2775 /* SplashView.swift */,
				735AEDFD2B057B1A00DD2775 /* TabsView.swift */,
			);
			path = General;
			sourceTree = "<group>";
		};
		73643DF42AFAB76A00207821 /* Components */ = {
			isa = PBXGroup;
			children = (
				73643DF52AFAB7A500207821 /* CloseButtonView.swift */,
				73643DF72AFAB7B300207821 /* AddButtonView.swift */,
			);
			path = Components;
			sourceTree = "<group>";
		};
		73664EF92AEC31FB00781AE0 = {
			isa = PBXGroup;
			children = (
				73664F042AEC31FB00781AE0 /* mini3 */,
				73045DDC2AF2BD6A00ABA07D /* Unit Tests */,
				73664F032AEC31FB00781AE0 /* Products */,
			);
			sourceTree = "<group>";
		};
		73664F032AEC31FB00781AE0 /* Products */ = {
			isa = PBXGroup;
			children = (
				73664F022AEC31FB00781AE0 /* Pave.app */,
				73045DDB2AF2BD6A00ABA07D /* PaveTests.xctest */,
			);
			name = Products;
			sourceTree = "<group>";
		};
		73664F042AEC31FB00781AE0 /* mini3 */ = {
			isa = PBXGroup;
			children = (
				738585672AFC5BD200A11432 /* Extensions */,
				73664F152AEC4D8900781AE0 /* ViewModels */,
				73664F142AEC4D7400781AE0 /* Views */,
				73664F132AEC4AF300781AE0 /* Models */,
				73664F052AEC31FB00781AE0 /* mini3App.swift */,
				73664F092AEC31FC00781AE0 /* Assets.xcassets */,
				73664F0B2AEC31FC00781AE0 /* Preview Content */,
			);
			path = mini3;
			sourceTree = "<group>";
		};
		73664F0B2AEC31FC00781AE0 /* Preview Content */ = {
			isa = PBXGroup;
			children = (
				73664F0C2AEC31FC00781AE0 /* Preview Assets.xcassets */,
			);
			path = "Preview Content";
			sourceTree = "<group>";
		};
		73664F132AEC4AF300781AE0 /* Models */ = {
			isa = PBXGroup;
			children = (
				73664F1B2AEC4E1800781AE0 /* OrderModel.swift */,
				73664F1D2AEC4E7E00781AE0 /* ProductModel.swift */,
				73664F242AF033A400781AE0 /* OrderItemModel.swift */,
				73664F262AF035CA00781AE0 /* CustomerModel.swift */,
			);
			path = Models;
			sourceTree = "<group>";
		};
		73664F142AEC4D7400781AE0 /* Views */ = {
			isa = PBXGroup;
			children = (
				73643DF32AFAB76100207821 /* General */,
				73664F1F2AEC4E9D00781AE0 /* Product */,
				73664F162AEC4D9E00781AE0 /* Order */,
			);
			path = Views;
			sourceTree = "<group>";
		};
		73664F152AEC4D8900781AE0 /* ViewModels */ = {
			isa = PBXGroup;
			children = (
				73664F282AF03F2000781AE0 /* OrderViewModel.swift */,
				73664F2A2AF03F3500781AE0 /* ProductViewModel.swift */,
				737710EE2AF17A4900A80C10 /* OrderItemViewModel.swift */,
				735AEDF72B05594200DD2775 /* MainViewModel.swift */,
			);
			path = ViewModels;
			sourceTree = "<group>";
		};
		73664F162AEC4D9E00781AE0 /* Order */ = {
			isa = PBXGroup;
			children = (
				73643DDB2AFAB12900207821 /* Components */,
				73664F172AEC4DB900781AE0 /* OrderListView.swift */,
				73643DEF2AFAB69500207821 /* OrderView.swift */,
				73643DF12AFAB6BE00207821 /* OrderCreateEditView.swift */,
				73643DF92AFABF1800207821 /* OrderListDoneView.swift */,
				7321DDF92AFEA692004C45D5 /* OrderAddItemView.swift */,
			);
			path = Order;
			sourceTree = "<group>";
		};
		73664F1F2AEC4E9D00781AE0 /* Product */ = {
			isa = PBXGroup;
			children = (
				73643DE02AFAB1D500207821 /* Components */,
				73664F202AEC4F0100781AE0 /* ProductListView.swift */,
				73643DDC2AFAB15200207821 /* ProductCreateEditView.swift */,
				73643DDE2AFAB1AB00207821 /* ProductView.swift */,
			);
			path = Product;
			sourceTree = "<group>";
		};
		738585672AFC5BD200A11432 /* Extensions */ = {
			isa = PBXGroup;
			children = (
				738585682AFC5BF800A11432 /* ColorExtension.swift */,
			);
			path = Extensions;
			sourceTree = "<group>";
		};
/* End PBXGroup section */

/* Begin PBXNativeTarget section */
		73045DDA2AF2BD6A00ABA07D /* PaveTests */ = {
			isa = PBXNativeTarget;
			buildConfigurationList = 73045DE32AF2BD6A00ABA07D /* Build configuration list for PBXNativeTarget "PaveTests" */;
			buildPhases = (
				73045DD72AF2BD6A00ABA07D /* Sources */,
				73045DD82AF2BD6A00ABA07D /* Frameworks */,
				73045DD92AF2BD6A00ABA07D /* Resources */,
			);
			buildRules = (
			);
			dependencies = (
				73045DE02AF2BD6A00ABA07D /* PBXTargetDependency */,
			);
			name = PaveTests;
			productName = mini3Tests;
			productReference = 73045DDB2AF2BD6A00ABA07D /* PaveTests.xctest */;
			productType = "com.apple.product-type.bundle.unit-test";
		};
		73664F012AEC31FB00781AE0 /* Pave */ = {
			isa = PBXNativeTarget;
			buildConfigurationList = 73664F102AEC31FC00781AE0 /* Build configuration list for PBXNativeTarget "Pave" */;
			buildPhases = (
				73664EFE2AEC31FB00781AE0 /* Sources */,
				73664EFF2AEC31FB00781AE0 /* Frameworks */,
				73664F002AEC31FB00781AE0 /* Resources */,
			);
			buildRules = (
			);
			dependencies = (
			);
			name = Pave;
			productName = mini3;
			productReference = 73664F022AEC31FB00781AE0 /* Pave.app */;
			productType = "com.apple.product-type.application";
		};
/* End PBXNativeTarget section */

/* Begin PBXProject section */
		73664EFA2AEC31FB00781AE0 /* Project object */ = {
			isa = PBXProject;
			attributes = {
				BuildIndependentTargetsInParallel = 1;
				LastSwiftUpdateCheck = 1500;
				LastUpgradeCheck = 1500;
				TargetAttributes = {
					73045DDA2AF2BD6A00ABA07D = {
						CreatedOnToolsVersion = 15.0.1;
						TestTargetID = 73664F012AEC31FB00781AE0;
					};
					73664F012AEC31FB00781AE0 = {
						CreatedOnToolsVersion = 15.0.1;
					};
				};
			};
			buildConfigurationList = 73664EFD2AEC31FB00781AE0 /* Build configuration list for PBXProject "Pave" */;
			compatibilityVersion = "Xcode 14.0";
			developmentRegion = en;
			hasScannedForEncodings = 0;
			knownRegions = (
				en,
				Base,
			);
			mainGroup = 73664EF92AEC31FB00781AE0;
			productRefGroup = 73664F032AEC31FB00781AE0 /* Products */;
			projectDirPath = "";
			projectRoot = "";
			targets = (
				73664F012AEC31FB00781AE0 /* Pave */,
				73045DDA2AF2BD6A00ABA07D /* PaveTests */,
			);
		};
/* End PBXProject section */

/* Begin PBXResourcesBuildPhase section */
		73045DD92AF2BD6A00ABA07D /* Resources */ = {
			isa = PBXResourcesBuildPhase;
			buildActionMask = 2147483647;
			files = (
			);
			runOnlyForDeploymentPostprocessing = 0;
		};
		73664F002AEC31FB00781AE0 /* Resources */ = {
			isa = PBXResourcesBuildPhase;
			buildActionMask = 2147483647;
			files = (
				73664F0D2AEC31FC00781AE0 /* Preview Assets.xcassets in Resources */,
				73664F0A2AEC31FC00781AE0 /* Assets.xcassets in Resources */,
			);
			runOnlyForDeploymentPostprocessing = 0;
		};
/* End PBXResourcesBuildPhase section */

/* Begin PBXSourcesBuildPhase section */
		73045DD72AF2BD6A00ABA07D /* Sources */ = {
			isa = PBXSourcesBuildPhase;
			buildActionMask = 2147483647;
			files = (
				73045DDE2AF2BD6A00ABA07D /* OrderViewTests.swift in Sources */,
			);
			runOnlyForDeploymentPostprocessing = 0;
		};
		73664EFE2AEC31FB00781AE0 /* Sources */ = {
			isa = PBXSourcesBuildPhase;
			buildActionMask = 2147483647;
			files = (
				73643DEE2AFAB65F00207821 /* ProductCardAddView.swift in Sources */,
				73664F082AEC31FB00781AE0 /* MainView.swift in Sources */,
				735AEDF62B0557C100DD2775 /* OnboardingView.swift in Sources */,
				73664F062AEC31FB00781AE0 /* mini3App.swift in Sources */,
				73664F212AEC4F0100781AE0 /* ProductListView.swift in Sources */,
				73643DEA2AFAB47F00207821 /* OrderItemCardListView.swift in Sources */,
				73643DF62AFAB7A500207821 /* CloseButtonView.swift in Sources */,
				73664F252AF033A400781AE0 /* OrderItemModel.swift in Sources */,
				7321DDFA2AFEA692004C45D5 /* OrderAddItemView.swift in Sources */,
				73643DE82AFAB38B00207821 /* OrderCustomerCardView.swift in Sources */,
				73664F1C2AEC4E1800781AE0 /* OrderModel.swift in Sources */,
				735AEDFA2B05626200DD2775 /* DebugView.swift in Sources */,
				73664F182AEC4DB900781AE0 /* OrderListView.swift in Sources */,
				73643DE22AFAB22F00207821 /* ProductListCardView.swift in Sources */,
				73643DF02AFAB69500207821 /* OrderView.swift in Sources */,
				73643DDD2AFAB15200207821 /* ProductCreateEditView.swift in Sources */,
				73643DF82AFAB7B300207821 /* AddButtonView.swift in Sources */,
				73664F2B2AF03F3500781AE0 /* ProductViewModel.swift in Sources */,
				73643DEC2AFAB4D600207821 /* OrderItemCardAddView.swift in Sources */,
				73046E232AF956DA0035D54C /* OrderExtension.swift in Sources */,
				73643DE62AFAB31800207821 /* OrderStatusListView.swift in Sources */,
				73643DFA2AFABF1800207821 /* OrderListDoneView.swift in Sources */,
				735AEDFC2B057A0200DD2775 /* SplashView.swift in Sources */,
				73664F1E2AEC4E7E00781AE0 /* ProductModel.swift in Sources */,
				73643DDF2AFAB1AB00207821 /* ProductView.swift in Sources */,
				73664F292AF03F2000781AE0 /* OrderViewModel.swift in Sources */,
				738585692AFC5BF800A11432 /* ColorExtension.swift in Sources */,
				735AEDFE2B057B1A00DD2775 /* TabsView.swift in Sources */,
				73664F272AF035CA00781AE0 /* CustomerModel.swift in Sources */,
				73643DF22AFAB6BE00207821 /* OrderCreateEditView.swift in Sources */,
				737710EF2AF17A4900A80C10 /* OrderItemViewModel.swift in Sources */,
				73664F1A2AEC4DCB00781AE0 /* OrderListCardView.swift in Sources */,
				735AEDF82B05594200DD2775 /* MainViewModel.swift in Sources */,
			);
			runOnlyForDeploymentPostprocessing = 0;
		};
/* End PBXSourcesBuildPhase section */

/* Begin PBXTargetDependency section */
		73045DE02AF2BD6A00ABA07D /* PBXTargetDependency */ = {
			isa = PBXTargetDependency;
			target = 73664F012AEC31FB00781AE0 /* Pave */;
			targetProxy = 73045DDF2AF2BD6A00ABA07D /* PBXContainerItemProxy */;
		};
/* End PBXTargetDependency section */

/* Begin XCBuildConfiguration section */
		73045DE12AF2BD6A00ABA07D /* Debug */ = {
			isa = XCBuildConfiguration;
			buildSettings = {
				BUNDLE_LOADER = "$(TEST_HOST)";
				CODE_SIGN_STYLE = Automatic;
				CURRENT_PROJECT_VERSION = 1;
				DEVELOPMENT_TEAM = 4X6L65DYQU;
				GENERATE_INFOPLIST_FILE = YES;
				MARKETING_VERSION = 1.0;
				PRODUCT_BUNDLE_IDENTIFIER = appledeveloperacademy.mini3Tests;
				PRODUCT_NAME = "$(TARGET_NAME)";
				SWIFT_EMIT_LOC_STRINGS = NO;
				SWIFT_VERSION = 5.0;
				TARGETED_DEVICE_FAMILY = "1,2";
				TEST_HOST = "$(BUILT_PRODUCTS_DIR)/Pave.app/$(BUNDLE_EXECUTABLE_FOLDER_PATH)/Pave";
			};
			name = Debug;
		};
		73045DE22AF2BD6A00ABA07D /* Release */ = {
			isa = XCBuildConfiguration;
			buildSettings = {
				BUNDLE_LOADER = "$(TEST_HOST)";
				CODE_SIGN_STYLE = Automatic;
				CURRENT_PROJECT_VERSION = 1;
				DEVELOPMENT_TEAM = 4X6L65DYQU;
				GENERATE_INFOPLIST_FILE = YES;
				MARKETING_VERSION = 1.0;
				PRODUCT_BUNDLE_IDENTIFIER = appledeveloperacademy.mini3Tests;
				PRODUCT_NAME = "$(TARGET_NAME)";
				SWIFT_EMIT_LOC_STRINGS = NO;
				SWIFT_VERSION = 5.0;
				TARGETED_DEVICE_FAMILY = "1,2";
				TEST_HOST = "$(BUILT_PRODUCTS_DIR)/Pave.app/$(BUNDLE_EXECUTABLE_FOLDER_PATH)/Pave";
			};
			name = Release;
		};
		73664F0E2AEC31FC00781AE0 /* Debug */ = {
			isa = XCBuildConfiguration;
			buildSettings = {
				ALWAYS_SEARCH_USER_PATHS = NO;
				ASSETCATALOG_COMPILER_GENERATE_SWIFT_ASSET_SYMBOL_EXTENSIONS = YES;
				CLANG_ANALYZER_NONNULL = YES;
				CLANG_ANALYZER_NUMBER_OBJECT_CONVERSION = YES_AGGRESSIVE;
				CLANG_CXX_LANGUAGE_STANDARD = "gnu++20";
				CLANG_ENABLE_MODULES = YES;
				CLANG_ENABLE_OBJC_ARC = YES;
				CLANG_ENABLE_OBJC_WEAK = YES;
				CLANG_WARN_BLOCK_CAPTURE_AUTORELEASING = YES;
				CLANG_WARN_BOOL_CONVERSION = YES;
				CLANG_WARN_COMMA = YES;
				CLANG_WARN_CONSTANT_CONVERSION = YES;
				CLANG_WARN_DEPRECATED_OBJC_IMPLEMENTATIONS = YES;
				CLANG_WARN_DIRECT_OBJC_ISA_USAGE = YES_ERROR;
				CLANG_WARN_DOCUMENTATION_COMMENTS = YES;
				CLANG_WARN_EMPTY_BODY = YES;
				CLANG_WARN_ENUM_CONVERSION = YES;
				CLANG_WARN_INFINITE_RECURSION = YES;
				CLANG_WARN_INT_CONVERSION = YES;
				CLANG_WARN_NON_LITERAL_NULL_CONVERSION = YES;
				CLANG_WARN_OBJC_IMPLICIT_RETAIN_SELF = YES;
				CLANG_WARN_OBJC_LITERAL_CONVERSION = YES;
				CLANG_WARN_OBJC_ROOT_CLASS = YES_ERROR;
				CLANG_WARN_QUOTED_INCLUDE_IN_FRAMEWORK_HEADER = YES;
				CLANG_WARN_RANGE_LOOP_ANALYSIS = YES;
				CLANG_WARN_STRICT_PROTOTYPES = YES;
				CLANG_WARN_SUSPICIOUS_MOVE = YES;
				CLANG_WARN_UNGUARDED_AVAILABILITY = YES_AGGRESSIVE;
				CLANG_WARN_UNREACHABLE_CODE = YES;
				CLANG_WARN__DUPLICATE_METHOD_MATCH = YES;
				COPY_PHASE_STRIP = NO;
				DEBUG_INFORMATION_FORMAT = dwarf;
				ENABLE_STRICT_OBJC_MSGSEND = YES;
				ENABLE_TESTABILITY = YES;
				ENABLE_USER_SCRIPT_SANDBOXING = YES;
				GCC_C_LANGUAGE_STANDARD = gnu17;
				GCC_DYNAMIC_NO_PIC = NO;
				GCC_NO_COMMON_BLOCKS = YES;
				GCC_OPTIMIZATION_LEVEL = 0;
				GCC_PREPROCESSOR_DEFINITIONS = (
					"DEBUG=1",
					"$(inherited)",
				);
				GCC_WARN_64_TO_32_BIT_CONVERSION = YES;
				GCC_WARN_ABOUT_RETURN_TYPE = YES_ERROR;
				GCC_WARN_UNDECLARED_SELECTOR = YES;
				GCC_WARN_UNINITIALIZED_AUTOS = YES_AGGRESSIVE;
				GCC_WARN_UNUSED_FUNCTION = YES;
				GCC_WARN_UNUSED_VARIABLE = YES;
				IPHONEOS_DEPLOYMENT_TARGET = 17.0;
				LOCALIZATION_PREFERS_STRING_CATALOGS = YES;
				MTL_ENABLE_DEBUG_INFO = INCLUDE_SOURCE;
				MTL_FAST_MATH = YES;
				ONLY_ACTIVE_ARCH = YES;
				SDKROOT = iphoneos;
				SWIFT_ACTIVE_COMPILATION_CONDITIONS = "DEBUG $(inherited)";
				SWIFT_OPTIMIZATION_LEVEL = "-Onone";
			};
			name = Debug;
		};
		73664F0F2AEC31FC00781AE0 /* Release */ = {
			isa = XCBuildConfiguration;
			buildSettings = {
				ALWAYS_SEARCH_USER_PATHS = NO;
				ASSETCATALOG_COMPILER_GENERATE_SWIFT_ASSET_SYMBOL_EXTENSIONS = YES;
				CLANG_ANALYZER_NONNULL = YES;
				CLANG_ANALYZER_NUMBER_OBJECT_CONVERSION = YES_AGGRESSIVE;
				CLANG_CXX_LANGUAGE_STANDARD = "gnu++20";
				CLANG_ENABLE_MODULES = YES;
				CLANG_ENABLE_OBJC_ARC = YES;
				CLANG_ENABLE_OBJC_WEAK = YES;
				CLANG_WARN_BLOCK_CAPTURE_AUTORELEASING = YES;
				CLANG_WARN_BOOL_CONVERSION = YES;
				CLANG_WARN_COMMA = YES;
				CLANG_WARN_CONSTANT_CONVERSION = YES;
				CLANG_WARN_DEPRECATED_OBJC_IMPLEMENTATIONS = YES;
				CLANG_WARN_DIRECT_OBJC_ISA_USAGE = YES_ERROR;
				CLANG_WARN_DOCUMENTATION_COMMENTS = YES;
				CLANG_WARN_EMPTY_BODY = YES;
				CLANG_WARN_ENUM_CONVERSION = YES;
				CLANG_WARN_INFINITE_RECURSION = YES;
				CLANG_WARN_INT_CONVERSION = YES;
				CLANG_WARN_NON_LITERAL_NULL_CONVERSION = YES;
				CLANG_WARN_OBJC_IMPLICIT_RETAIN_SELF = YES;
				CLANG_WARN_OBJC_LITERAL_CONVERSION = YES;
				CLANG_WARN_OBJC_ROOT_CLASS = YES_ERROR;
				CLANG_WARN_QUOTED_INCLUDE_IN_FRAMEWORK_HEADER = YES;
				CLANG_WARN_RANGE_LOOP_ANALYSIS = YES;
				CLANG_WARN_STRICT_PROTOTYPES = YES;
				CLANG_WARN_SUSPICIOUS_MOVE = YES;
				CLANG_WARN_UNGUARDED_AVAILABILITY = YES_AGGRESSIVE;
				CLANG_WARN_UNREACHABLE_CODE = YES;
				CLANG_WARN__DUPLICATE_METHOD_MATCH = YES;
				COPY_PHASE_STRIP = NO;
				DEBUG_INFORMATION_FORMAT = "dwarf-with-dsym";
				ENABLE_NS_ASSERTIONS = NO;
				ENABLE_STRICT_OBJC_MSGSEND = YES;
				ENABLE_USER_SCRIPT_SANDBOXING = YES;
				GCC_C_LANGUAGE_STANDARD = gnu17;
				GCC_NO_COMMON_BLOCKS = YES;
				GCC_WARN_64_TO_32_BIT_CONVERSION = YES;
				GCC_WARN_ABOUT_RETURN_TYPE = YES_ERROR;
				GCC_WARN_UNDECLARED_SELECTOR = YES;
				GCC_WARN_UNINITIALIZED_AUTOS = YES_AGGRESSIVE;
				GCC_WARN_UNUSED_FUNCTION = YES;
				GCC_WARN_UNUSED_VARIABLE = YES;
				IPHONEOS_DEPLOYMENT_TARGET = 17.0;
				LOCALIZATION_PREFERS_STRING_CATALOGS = YES;
				MTL_ENABLE_DEBUG_INFO = NO;
				MTL_FAST_MATH = YES;
				SDKROOT = iphoneos;
				SWIFT_COMPILATION_MODE = wholemodule;
				VALIDATE_PRODUCT = YES;
			};
			name = Release;
		};
		73664F112AEC31FC00781AE0 /* Debug */ = {
			isa = XCBuildConfiguration;
			buildSettings = {
				ASSETCATALOG_COMPILER_APPICON_NAME = AppIcon;
				ASSETCATALOG_COMPILER_GLOBAL_ACCENT_COLOR_NAME = AccentColor;
				CODE_SIGN_STYLE = Automatic;
				CURRENT_PROJECT_VERSION = 3;
				DEVELOPMENT_ASSET_PATHS = "\"mini3/Preview Content\"";
				DEVELOPMENT_TEAM = 4X6L65DYQU;
				ENABLE_PREVIEWS = YES;
				GENERATE_INFOPLIST_FILE = YES;
				INFOPLIST_KEY_UIApplicationSceneManifest_Generation = YES;
				INFOPLIST_KEY_UIApplicationSupportsIndirectInputEvents = YES;
				INFOPLIST_KEY_UILaunchScreen_Generation = YES;
				INFOPLIST_KEY_UISupportedInterfaceOrientations_iPad = "UIInterfaceOrientationPortrait UIInterfaceOrientationPortraitUpsideDown UIInterfaceOrientationLandscapeLeft UIInterfaceOrientationLandscapeRight";
				INFOPLIST_KEY_UISupportedInterfaceOrientations_iPhone = "UIInterfaceOrientationPortrait UIInterfaceOrientationLandscapeLeft UIInterfaceOrientationLandscapeRight";
				INFOPLIST_KEY_UIUserInterfaceStyle = Light;
				LD_RUNPATH_SEARCH_PATHS = (
					"$(inherited)",
					"@executable_path/Frameworks",
				);
				MARKETING_VERSION = 1.0;
				PRODUCT_BUNDLE_IDENTIFIER = appledeveloperacademy.pave;
				PRODUCT_NAME = "$(TARGET_NAME)";
				SUPPORTED_PLATFORMS = "iphoneos iphonesimulator";
				SUPPORTS_MACCATALYST = NO;
				SUPPORTS_MAC_DESIGNED_FOR_IPHONE_IPAD = NO;
				SWIFT_EMIT_LOC_STRINGS = YES;
				SWIFT_VERSION = 5.0;
				TARGETED_DEVICE_FAMILY = "1,2";
			};
			name = Debug;
		};
		73664F122AEC31FC00781AE0 /* Release */ = {
			isa = XCBuildConfiguration;
			buildSettings = {
				ASSETCATALOG_COMPILER_APPICON_NAME = AppIcon;
				ASSETCATALOG_COMPILER_GLOBAL_ACCENT_COLOR_NAME = AccentColor;
				CODE_SIGN_STYLE = Automatic;
				CURRENT_PROJECT_VERSION = 3;
				DEVELOPMENT_ASSET_PATHS = "\"mini3/Preview Content\"";
				DEVELOPMENT_TEAM = 4X6L65DYQU;
				ENABLE_PREVIEWS = YES;
				GENERATE_INFOPLIST_FILE = YES;
				INFOPLIST_KEY_UIApplicationSceneManifest_Generation = YES;
				INFOPLIST_KEY_UIApplicationSupportsIndirectInputEvents = YES;
				INFOPLIST_KEY_UILaunchScreen_Generation = YES;
				INFOPLIST_KEY_UISupportedInterfaceOrientations_iPad = "UIInterfaceOrientationPortrait UIInterfaceOrientationPortraitUpsideDown UIInterfaceOrientationLandscapeLeft UIInterfaceOrientationLandscapeRight";
				INFOPLIST_KEY_UISupportedInterfaceOrientations_iPhone = "UIInterfaceOrientationPortrait UIInterfaceOrientationLandscapeLeft UIInterfaceOrientationLandscapeRight";
				INFOPLIST_KEY_UIUserInterfaceStyle = Light;
				LD_RUNPATH_SEARCH_PATHS = (
					"$(inherited)",
					"@executable_path/Frameworks",
				);
				MARKETING_VERSION = 1.0;
				PRODUCT_BUNDLE_IDENTIFIER = appledeveloperacademy.pave;
				PRODUCT_NAME = "$(TARGET_NAME)";
				SUPPORTED_PLATFORMS = "iphoneos iphonesimulator";
				SUPPORTS_MACCATALYST = NO;
				SUPPORTS_MAC_DESIGNED_FOR_IPHONE_IPAD = NO;
				SWIFT_EMIT_LOC_STRINGS = YES;
				SWIFT_VERSION = 5.0;
				TARGETED_DEVICE_FAMILY = "1,2";
			};
			name = Release;
		};
/* End XCBuildConfiguration section */

/* Begin XCConfigurationList section */
		73045DE32AF2BD6A00ABA07D /* Build configuration list for PBXNativeTarget "PaveTests" */ = {
			isa = XCConfigurationList;
			buildConfigurations = (
				73045DE12AF2BD6A00ABA07D /* Debug */,
				73045DE22AF2BD6A00ABA07D /* Release */,
			);
			defaultConfigurationIsVisible = 0;
			defaultConfigurationName = Release;
		};
		73664EFD2AEC31FB00781AE0 /* Build configuration list for PBXProject "Pave" */ = {
			isa = XCConfigurationList;
			buildConfigurations = (
				73664F0E2AEC31FC00781AE0 /* Debug */,
				73664F0F2AEC31FC00781AE0 /* Release */,
			);
			defaultConfigurationIsVisible = 0;
			defaultConfigurationName = Release;
		};
		73664F102AEC31FC00781AE0 /* Build configuration list for PBXNativeTarget "Pave" */ = {
			isa = XCConfigurationList;
			buildConfigurations = (
				73664F112AEC31FC00781AE0 /* Debug */,
				73664F122AEC31FC00781AE0 /* Release */,
			);
			defaultConfigurationIsVisible = 0;
			defaultConfigurationName = Release;
		};
/* End XCConfigurationList section */
	};
	rootObject = 73664EFA2AEC31FB00781AE0 /* Project object */;
}
